
Microsoft Visual Studio Solution File, Format Version 12.00
# Visual Studio Version 16
VisualStudioVersion = 16.0.31729.503
MinimumVisualStudioVersion = 10.0.40219.1
Project("{FAE04EC0-301F-11D3-BF4B-00C04F79EFBC}") = "QuanLyDichVuHangKhong", "QuanLyDichVuHangKhong.csproj", "{EBAF9727-6A0A-4853-A8ED-D07DB97C0582}"
EndProject
Global
	GlobalSection(SolutionConfigurationPlatforms) = preSolution
		Debug|Any CPU = Debug|Any CPU
		Release|Any CPU = Release|Any CPU
	EndGlobalSection
	GlobalSection(ProjectConfigurationPlatforms) = postSolution
		{EBAF9727-6A0A-4853-A8ED-D07DB97C0582}.Debug|Any CPU.ActiveCfg = Debug|Any CPU
		{EBAF9727-6A0A-4853-A8ED-D07DB97C0582}.Debug|Any CPU.Build.0 = Debug|Any CPU
		{EBAF9727-6A0A-4853-A8ED-D07DB97C0582}.Release|Any CPU.ActiveCfg = Release|Any CPU
		{EBAF9727-6A0A-4853-A8ED-D07DB97C0582}.Release|Any CPU.Build.0 = Release|Any CPU
	EndGlobalSection
	GlobalSection(SolutionProperties) = preSolution
		HideSolutionNode = FALSE
	EndGlobalSection
	GlobalSection(ExtensibilityGlobals) = postSolution
		SolutionGuid = {4B2140CC-3947-4C22-9C78-A33F05F7E4E3}
	EndGlobalSection
EndGlobal
